// !$*UTF8*$!
{
	archiveVersion = 1;
	classes = {
	};
	objectVersion = 56;
	objects = {

/* Begin PBXBuildFile section */
		7B066D882A63A0CB00399269 /* FriendlyContactApp.swift in Sources */ = {isa = PBXBuildFile; fileRef = 7B066D872A63A0CB00399269 /* FriendlyContactApp.swift */; };
		7B066D8A2A63A0CB00399269 /* ContentView.swift in Sources */ = {isa = PBXBuildFile; fileRef = 7B066D892A63A0CB00399269 /* ContentView.swift */; };
		7B066D8C2A63A0CD00399269 /* Assets.xcassets in Resources */ = {isa = PBXBuildFile; fileRef = 7B066D8B2A63A0CD00399269 /* Assets.xcassets */; };
		7B066D8F2A63A0CD00399269 /* Preview Assets.xcassets in Resources */ = {isa = PBXBuildFile; fileRef = 7B066D8E2A63A0CD00399269 /* Preview Assets.xcassets */; };
		7B066D962A63A74500399269 /* DetailView.swift in Sources */ = {isa = PBXBuildFile; fileRef = 7B066D952A63A74500399269 /* DetailView.swift */; };
		7B066D982A63ABF400399269 /* ImagePicker.swift in Sources */ = {isa = PBXBuildFile; fileRef = 7B066D972A63ABF400399269 /* ImagePicker.swift */; };
		7B066D9B2A63AF4000399269 /* Contact.swift in Sources */ = {isa = PBXBuildFile; fileRef = 7B066D9A2A63AF4000399269 /* Contact.swift */; };
		7B066D9E2A63B05F00399269 /* AddContactView.swift in Sources */ = {isa = PBXBuildFile; fileRef = 7B066D9D2A63B05F00399269 /* AddContactView.swift */; };
		7B066DA02A63BBDA00399269 /* ContactsViewModel.swift in Sources */ = {isa = PBXBuildFile; fileRef = 7B066D9F2A63BBDA00399269 /* ContactsViewModel.swift */; };
		7B066DA32A63CAF000399269 /* AddContactViewModel.swift in Sources */ = {isa = PBXBuildFile; fileRef = 7B066DA22A63CAF000399269 /* AddContactViewModel.swift */; };
		7B4222F82A691FB20053969A /* FriendlyContacts.xcdatamodeld in Sources */ = {isa = PBXBuildFile; fileRef = 7B4222F62A691FB20053969A /* FriendlyContacts.xcdatamodeld */; };
		7B42230A2A69237F0053969A /* ContactsCoreData.swift in Sources */ = {isa = PBXBuildFile; fileRef = 7B4223092A69237F0053969A /* ContactsCoreData.swift */; };
		7B4223102A6A7D670053969A /* FileContacts.swift in Sources */ = {isa = PBXBuildFile; fileRef = 7B42230F2A6A7D670053969A /* FileContacts.swift */; };
		7B46AE7F2A6E6F9A0043B21E /* LocationFetcher.swift in Sources */ = {isa = PBXBuildFile; fileRef = 7B46AE7E2A6E6F9A0043B21E /* LocationFetcher.swift */; };
		7B46AE822A6ED7D90043B21E /* ContactCoreData+CoreDataClass.swift in Sources */ = {isa = PBXBuildFile; fileRef = 7B46AE802A6ED7D90043B21E /* ContactCoreData+CoreDataClass.swift */; };
		7B46AE832A6ED7D90043B21E /* ContactCoreData+CoreDataProperties.swift in Sources */ = {isa = PBXBuildFile; fileRef = 7B46AE812A6ED7D90043B21E /* ContactCoreData+CoreDataProperties.swift */; };
		7B51F38A2A6643C4008C77C5 /* ImageUtils.swift in Sources */ = {isa = PBXBuildFile; fileRef = 7B51F3892A6643C4008C77C5 /* ImageUtils.swift */; };
		7B51F38E2A6697D5008C77C5 /* FileManager-DocDirectory.swift in Sources */ = {isa = PBXBuildFile; fileRef = 7B51F38D2A6697D5008C77C5 /* FileManager-DocDirectory.swift */; };
/* End PBXBuildFile section */

/* Begin PBXFileReference section */
		7B066D842A63A0CB00399269 /* FriendlyContact.app */ = {isa = PBXFileReference; explicitFileType = wrapper.application; includeInIndex = 0; path = FriendlyContact.app; sourceTree = BUILT_PRODUCTS_DIR; };
		7B066D872A63A0CB00399269 /* FriendlyContactApp.swift */ = {isa = PBXFileReference; lastKnownFileType = sourcecode.swift; path = FriendlyContactApp.swift; sourceTree = "<group>"; };
		7B066D892A63A0CB00399269 /* ContentView.swift */ = {isa = PBXFileReference; lastKnownFileType = sourcecode.swift; path = ContentView.swift; sourceTree = "<group>"; };
		7B066D8B2A63A0CD00399269 /* Assets.xcassets */ = {isa = PBXFileReference; lastKnownFileType = folder.assetcatalog; path = Assets.xcassets; sourceTree = "<group>"; };
		7B066D8E2A63A0CD00399269 /* Preview Assets.xcassets */ = {isa = PBXFileReference; lastKnownFileType = folder.assetcatalog; path = "Preview Assets.xcassets"; sourceTree = "<group>"; };
		7B066D952A63A74500399269 /* DetailView.swift */ = {isa = PBXFileReference; lastKnownFileType = sourcecode.swift; path = DetailView.swift; sourceTree = "<group>"; };
		7B066D972A63ABF400399269 /* ImagePicker.swift */ = {isa = PBXFileReference; lastKnownFileType = sourcecode.swift; path = ImagePicker.swift; sourceTree = "<group>"; };
		7B066D9A2A63AF4000399269 /* Contact.swift */ = {isa = PBXFileReference; lastKnownFileType = sourcecode.swift; path = Contact.swift; sourceTree = "<group>"; };
		7B066D9D2A63B05F00399269 /* AddContactView.swift */ = {isa = PBXFileReference; lastKnownFileType = sourcecode.swift; path = AddContactView.swift; sourceTree = "<group>"; };
		7B066D9F2A63BBDA00399269 /* ContactsViewModel.swift */ = {isa = PBXFileReference; lastKnownFileType = sourcecode.swift; path = ContactsViewModel.swift; sourceTree = "<group>"; };
		7B066DA22A63CAF000399269 /* AddContactViewModel.swift */ = {isa = PBXFileReference; lastKnownFileType = sourcecode.swift; path = AddContactViewModel.swift; sourceTree = "<group>"; };
		7B4222F72A691FB20053969A /* FriendlyContacts.xcdatamodel */ = {isa = PBXFileReference; lastKnownFileType = wrapper.xcdatamodel; path = FriendlyContacts.xcdatamodel; sourceTree = "<group>"; };
		7B4223092A69237F0053969A /* ContactsCoreData.swift */ = {isa = PBXFileReference; lastKnownFileType = sourcecode.swift; path = ContactsCoreData.swift; sourceTree = "<group>"; };
		7B42230F2A6A7D670053969A /* FileContacts.swift */ = {isa = PBXFileReference; lastKnownFileType = sourcecode.swift; path = FileContacts.swift; sourceTree = "<group>"; };
		7B46AE7E2A6E6F9A0043B21E /* LocationFetcher.swift */ = {isa = PBXFileReference; lastKnownFileType = sourcecode.swift; path = LocationFetcher.swift; sourceTree = "<group>"; };
		7B46AE802A6ED7D90043B21E /* ContactCoreData+CoreDataClass.swift */ = {isa = PBXFileReference; lastKnownFileType = sourcecode.swift; path = "ContactCoreData+CoreDataClass.swift"; sourceTree = "<group>"; };
		7B46AE812A6ED7D90043B21E /* ContactCoreData+CoreDataProperties.swift */ = {isa = PBXFileReference; lastKnownFileType = sourcecode.swift; path = "ContactCoreData+CoreDataProperties.swift"; sourceTree = "<group>"; };
		7B51F3892A6643C4008C77C5 /* ImageUtils.swift */ = {isa = PBXFileReference; lastKnownFileType = sourcecode.swift; path = ImageUtils.swift; sourceTree = "<group>"; };
		7B51F38D2A6697D5008C77C5 /* FileManager-DocDirectory.swift */ = {isa = PBXFileReference; lastKnownFileType = sourcecode.swift; path = "FileManager-DocDirectory.swift"; sourceTree = "<group>"; };
/* End PBXFileReference section */

/* Begin PBXFrameworksBuildPhase section */
		7B066D812A63A0CB00399269 /* Frameworks */ = {
			isa = PBXFrameworksBuildPhase;
			buildActionMask = 2147483647;
			files = (
			);
			runOnlyForDeploymentPostprocessing = 0;
		};
/* End PBXFrameworksBuildPhase section */

/* Begin PBXGroup section */
		7B066D7B2A63A0CB00399269 = {
			isa = PBXGroup;
			children = (
				7B066D862A63A0CB00399269 /* FriendlyContact */,
				7B066D852A63A0CB00399269 /* Products */,
			);
			sourceTree = "<group>";
		};
		7B066D852A63A0CB00399269 /* Products */ = {
			isa = PBXGroup;
			children = (
				7B066D842A63A0CB00399269 /* FriendlyContact.app */,
			);
			name = Products;
			sourceTree = "<group>";
		};
		7B066D862A63A0CB00399269 /* FriendlyContact */ = {
			isa = PBXGroup;
			children = (
				7B066D872A63A0CB00399269 /* FriendlyContactApp.swift */,
				7B4222F52A691F960053969A /* Core Data */,
				7B51F38F2A6697D8008C77C5 /* Extension */,
				7B51F3882A664216008C77C5 /* Utils */,
				7B066D992A63AF2500399269 /* Model */,
				7B066D9C2A63AF8700399269 /* View */,
				7B066DA12A63BC0400399269 /* ViewModel */,
				7B066D8B2A63A0CD00399269 /* Assets.xcassets */,
				7B066D8D2A63A0CD00399269 /* Preview Content */,
			);
			path = FriendlyContact;
			sourceTree = "<group>";
		};
		7B066D8D2A63A0CD00399269 /* Preview Content */ = {
			isa = PBXGroup;
			children = (
				7B066D8E2A63A0CD00399269 /* Preview Assets.xcassets */,
			);
			path = "Preview Content";
			sourceTree = "<group>";
		};
		7B066D992A63AF2500399269 /* Model */ = {
			isa = PBXGroup;
			children = (
				7B066D9A2A63AF4000399269 /* Contact.swift */,
			);
			path = Model;
			sourceTree = "<group>";
		};
		7B066D9C2A63AF8700399269 /* View */ = {
			isa = PBXGroup;
			children = (
				7B066D892A63A0CB00399269 /* ContentView.swift */,
				7B066D9D2A63B05F00399269 /* AddContactView.swift */,
				7B066D972A63ABF400399269 /* ImagePicker.swift */,
				7B066D952A63A74500399269 /* DetailView.swift */,
			);
			path = View;
			sourceTree = "<group>";
		};
		7B066DA12A63BC0400399269 /* ViewModel */ = {
			isa = PBXGroup;
			children = (
				7B066D9F2A63BBDA00399269 /* ContactsViewModel.swift */,
				7B066DA22A63CAF000399269 /* AddContactViewModel.swift */,
				7B42230F2A6A7D670053969A /* FileContacts.swift */,
				7B46AE7E2A6E6F9A0043B21E /* LocationFetcher.swift */,
			);
			path = ViewModel;
			sourceTree = "<group>";
		};
		7B4222F52A691F960053969A /* Core Data */ = {
			isa = PBXGroup;
			children = (
				7B46AE802A6ED7D90043B21E /* ContactCoreData+CoreDataClass.swift */,
				7B46AE812A6ED7D90043B21E /* ContactCoreData+CoreDataProperties.swift */,
				7B4223092A69237F0053969A /* ContactsCoreData.swift */,
				7B4222F62A691FB20053969A /* FriendlyContacts.xcdatamodeld */,
			);
			path = "Core Data";
			sourceTree = "<group>";
		};
		7B51F3882A664216008C77C5 /* Utils */ = {
			isa = PBXGroup;
			children = (
				7B51F3892A6643C4008C77C5 /* ImageUtils.swift */,
			);
			path = Utils;
			sourceTree = "<group>";
		};
		7B51F38F2A6697D8008C77C5 /* Extension */ = {
			isa = PBXGroup;
			children = (
				7B51F38D2A6697D5008C77C5 /* FileManager-DocDirectory.swift */,
			);
			path = Extension;
			sourceTree = "<group>";
		};
/* End PBXGroup section */

/* Begin PBXNativeTarget section */
		7B066D832A63A0CB00399269 /* FriendlyContact */ = {
			isa = PBXNativeTarget;
			buildConfigurationList = 7B066D922A63A0CD00399269 /* Build configuration list for PBXNativeTarget "FriendlyContact" */;
			buildPhases = (
				7B066D802A63A0CB00399269 /* Sources */,
				7B066D812A63A0CB00399269 /* Frameworks */,
				7B066D822A63A0CB00399269 /* Resources */,
			);
			buildRules = (
			);
			dependencies = (
			);
			name = FriendlyContact;
			productName = FriendlyContact;
			productReference = 7B066D842A63A0CB00399269 /* FriendlyContact.app */;
			productType = "com.apple.product-type.application";
		};
/* End PBXNativeTarget section */

/* Begin PBXProject section */
		7B066D7C2A63A0CB00399269 /* Project object */ = {
			isa = PBXProject;
			attributes = {
				BuildIndependentTargetsInParallel = 1;
				LastSwiftUpdateCheck = 1430;
				LastUpgradeCheck = 1430;
				TargetAttributes = {
					7B066D832A63A0CB00399269 = {
						CreatedOnToolsVersion = 14.3;
					};
				};
			};
			buildConfigurationList = 7B066D7F2A63A0CB00399269 /* Build configuration list for PBXProject "FriendlyContact" */;
			compatibilityVersion = "Xcode 14.0";
			developmentRegion = en;
			hasScannedForEncodings = 0;
			knownRegions = (
				en,
				Base,
			);
			mainGroup = 7B066D7B2A63A0CB00399269;
			productRefGroup = 7B066D852A63A0CB00399269 /* Products */;
			projectDirPath = "";
			projectRoot = "";
			targets = (
				7B066D832A63A0CB00399269 /* FriendlyContact */,
			);
		};
/* End PBXProject section */

/* Begin PBXResourcesBuildPhase section */
		7B066D822A63A0CB00399269 /* Resources */ = {
			isa = PBXResourcesBuildPhase;
			buildActionMask = 2147483647;
			files = (
				7B066D8F2A63A0CD00399269 /* Preview Assets.xcassets in Resources */,
				7B066D8C2A63A0CD00399269 /* Assets.xcassets in Resources */,
			);
			runOnlyForDeploymentPostprocessing = 0;
		};
/* End PBXResourcesBuildPhase section */

/* Begin PBXSourcesBuildPhase section */
		7B066D802A63A0CB00399269 /* Sources */ = {
			isa = PBXSourcesBuildPhase;
			buildActionMask = 2147483647;
			files = (
				7B46AE822A6ED7D90043B21E /* ContactCoreData+CoreDataClass.swift in Sources */,
				7B51F38E2A6697D5008C77C5 /* FileManager-DocDirectory.swift in Sources */,
				7B4222F82A691FB20053969A /* FriendlyContacts.xcdatamodeld in Sources */,
				7B066D8A2A63A0CB00399269 /* ContentView.swift in Sources */,
				7B066D982A63ABF400399269 /* ImagePicker.swift in Sources */,
				7B51F38A2A6643C4008C77C5 /* ImageUtils.swift in Sources */,
				7B066D9B2A63AF4000399269 /* Contact.swift in Sources */,
				7B066DA02A63BBDA00399269 /* ContactsViewModel.swift in Sources */,
				7B066D9E2A63B05F00399269 /* AddContactView.swift in Sources */,
				7B4223102A6A7D670053969A /* FileContacts.swift in Sources */,
				7B46AE7F2A6E6F9A0043B21E /* LocationFetcher.swift in Sources */,
				7B066DA32A63CAF000399269 /* AddContactViewModel.swift in Sources */,
				7B066D962A63A74500399269 /* DetailView.swift in Sources */,
				7B46AE832A6ED7D90043B21E /* ContactCoreData+CoreDataProperties.swift in Sources */,
				7B066D882A63A0CB00399269 /* FriendlyContactApp.swift in Sources */,
				7B42230A2A69237F0053969A /* ContactsCoreData.swift in Sources */,
			);
			runOnlyForDeploymentPostprocessing = 0;
		};
/* End PBXSourcesBuildPhase section */

/* Begin XCBuildConfiguration section */
		7B066D902A63A0CD00399269 /* Debug */ = {
			isa = XCBuildConfiguration;
			buildSettings = {
				ALWAYS_SEARCH_USER_PATHS = NO;
				CLANG_ANALYZER_NONNULL = YES;
				CLANG_ANALYZER_NUMBER_OBJECT_CONVERSION = YES_AGGRESSIVE;
				CLANG_CXX_LANGUAGE_STANDARD = "gnu++20";
				CLANG_ENABLE_MODULES = YES;
				CLANG_ENABLE_OBJC_ARC = YES;
				CLANG_ENABLE_OBJC_WEAK = YES;
				CLANG_WARN_BLOCK_CAPTURE_AUTORELEASING = YES;
				CLANG_WARN_BOOL_CONVERSION = YES;
				CLANG_WARN_COMMA = YES;
				CLANG_WARN_CONSTANT_CONVERSION = YES;
				CLANG_WARN_DEPRECATED_OBJC_IMPLEMENTATIONS = YES;
				CLANG_WARN_DIRECT_OBJC_ISA_USAGE = YES_ERROR;
				CLANG_WARN_DOCUMENTATION_COMMENTS = YES;
				CLANG_WARN_EMPTY_BODY = YES;
				CLANG_WARN_ENUM_CONVERSION = YES;
				CLANG_WARN_INFINITE_RECURSION = YES;
				CLANG_WARN_INT_CONVERSION = YES;
				CLANG_WARN_NON_LITERAL_NULL_CONVERSION = YES;
				CLANG_WARN_OBJC_IMPLICIT_RETAIN_SELF = YES;
				CLANG_WARN_OBJC_LITERAL_CONVERSION = YES;
				CLANG_WARN_OBJC_ROOT_CLASS = YES_ERROR;
				CLANG_WARN_QUOTED_INCLUDE_IN_FRAMEWORK_HEADER = YES;
				CLANG_WARN_RANGE_LOOP_ANALYSIS = YES;
				CLANG_WARN_STRICT_PROTOTYPES = YES;
				CLANG_WARN_SUSPICIOUS_MOVE = YES;
				CLANG_WARN_UNGUARDED_AVAILABILITY = YES_AGGRESSIVE;
				CLANG_WARN_UNREACHABLE_CODE = YES;
				CLANG_WARN__DUPLICATE_METHOD_MATCH = YES;
				COPY_PHASE_STRIP = NO;
				DEBUG_INFORMATION_FORMAT = dwarf;
				ENABLE_STRICT_OBJC_MSGSEND = YES;
				ENABLE_TESTABILITY = YES;
				GCC_C_LANGUAGE_STANDARD = gnu11;
				GCC_DYNAMIC_NO_PIC = NO;
				GCC_NO_COMMON_BLOCKS = YES;
				GCC_OPTIMIZATION_LEVEL = 0;
				GCC_PREPROCESSOR_DEFINITIONS = (
					"DEBUG=1",
					"$(inherited)",
				);
				GCC_WARN_64_TO_32_BIT_CONVERSION = YES;
				GCC_WARN_ABOUT_RETURN_TYPE = YES_ERROR;
				GCC_WARN_UNDECLARED_SELECTOR = YES;
				GCC_WARN_UNINITIALIZED_AUTOS = YES_AGGRESSIVE;
				GCC_WARN_UNUSED_FUNCTION = YES;
				GCC_WARN_UNUSED_VARIABLE = YES;
				IPHONEOS_DEPLOYMENT_TARGET = 16.4;
				MTL_ENABLE_DEBUG_INFO = INCLUDE_SOURCE;
				MTL_FAST_MATH = YES;
				ONLY_ACTIVE_ARCH = YES;
				SDKROOT = iphoneos;
				SWIFT_ACTIVE_COMPILATION_CONDITIONS = DEBUG;
				SWIFT_OPTIMIZATION_LEVEL = "-Onone";
			};
			name = Debug;
		};
		7B066D912A63A0CD00399269 /* Release */ = {
			isa = XCBuildConfiguration;
			buildSettings = {
				ALWAYS_SEARCH_USER_PATHS = NO;
				CLANG_ANALYZER_NONNULL = YES;
				CLANG_ANALYZER_NUMBER_OBJECT_CONVERSION = YES_AGGRESSIVE;
				CLANG_CXX_LANGUAGE_STANDARD = "gnu++20";
				CLANG_ENABLE_MODULES = YES;
				CLANG_ENABLE_OBJC_ARC = YES;
				CLANG_ENABLE_OBJC_WEAK = YES;
				CLANG_WARN_BLOCK_CAPTURE_AUTORELEASING = YES;
				CLANG_WARN_BOOL_CONVERSION = YES;
				CLANG_WARN_COMMA = YES;
				CLANG_WARN_CONSTANT_CONVERSION = YES;
				CLANG_WARN_DEPRECATED_OBJC_IMPLEMENTATIONS = YES;
				CLANG_WARN_DIRECT_OBJC_ISA_USAGE = YES_ERROR;
				CLANG_WARN_DOCUMENTATION_COMMENTS = YES;
				CLANG_WARN_EMPTY_BODY = YES;
				CLANG_WARN_ENUM_CONVERSION = YES;
				CLANG_WARN_INFINITE_RECURSION = YES;
				CLANG_WARN_INT_CONVERSION = YES;
				CLANG_WARN_NON_LITERAL_NULL_CONVERSION = YES;
				CLANG_WARN_OBJC_IMPLICIT_RETAIN_SELF = YES;
				CLANG_WARN_OBJC_LITERAL_CONVERSION = YES;
				CLANG_WARN_OBJC_ROOT_CLASS = YES_ERROR;
				CLANG_WARN_QUOTED_INCLUDE_IN_FRAMEWORK_HEADER = YES;
				CLANG_WARN_RANGE_LOOP_ANALYSIS = YES;
				CLANG_WARN_STRICT_PROTOTYPES = YES;
				CLANG_WARN_SUSPICIOUS_MOVE = YES;
				CLANG_WARN_UNGUARDED_AVAILABILITY = YES_AGGRESSIVE;
				CLANG_WARN_UNREACHABLE_CODE = YES;
				CLANG_WARN__DUPLICATE_METHOD_MATCH = YES;
				COPY_PHASE_STRIP = NO;
				DEBUG_INFORMATION_FORMAT = "dwarf-with-dsym";
				ENABLE_NS_ASSERTIONS = NO;
				ENABLE_STRICT_OBJC_MSGSEND = YES;
				GCC_C_LANGUAGE_STANDARD = gnu11;
				GCC_NO_COMMON_BLOCKS = YES;
				GCC_WARN_64_TO_32_BIT_CONVERSION = YES;
				GCC_WARN_ABOUT_RETURN_TYPE = YES_ERROR;
				GCC_WARN_UNDECLARED_SELECTOR = YES;
				GCC_WARN_UNINITIALIZED_AUTOS = YES_AGGRESSIVE;
				GCC_WARN_UNUSED_FUNCTION = YES;
				GCC_WARN_UNUSED_VARIABLE = YES;
				IPHONEOS_DEPLOYMENT_TARGET = 16.4;
				MTL_ENABLE_DEBUG_INFO = NO;
				MTL_FAST_MATH = YES;
				SDKROOT = iphoneos;
				SWIFT_COMPILATION_MODE = wholemodule;
				SWIFT_OPTIMIZATION_LEVEL = "-O";
				VALIDATE_PRODUCT = YES;
			};
			name = Release;
		};
		7B066D932A63A0CD00399269 /* Debug */ = {
			isa = XCBuildConfiguration;
			buildSettings = {
				ASSETCATALOG_COMPILER_APPICON_NAME = AppIcon;
				ASSETCATALOG_COMPILER_GLOBAL_ACCENT_COLOR_NAME = AccentColor;
				CODE_SIGN_STYLE = Automatic;
				CURRENT_PROJECT_VERSION = 1;
				DEVELOPMENT_ASSET_PATHS = "\"FriendlyContact/Preview Content\"";
				DEVELOPMENT_TEAM = B9S7PB8R45;
				ENABLE_PREVIEWS = YES;
				GENERATE_INFOPLIST_FILE = YES;
				INFOPLIST_KEY_NSLocationWhenInUseUsageDescription = "We need your access location.";
				INFOPLIST_KEY_UIApplicationSceneManifest_Generation = YES;
				INFOPLIST_KEY_UIApplicationSupportsIndirectInputEvents = YES;
				INFOPLIST_KEY_UILaunchScreen_Generation = YES;
				INFOPLIST_KEY_UISupportedInterfaceOrientations_iPad = "UIInterfaceOrientationPortrait UIInterfaceOrientationPortraitUpsideDown UIInterfaceOrientationLandscapeLeft UIInterfaceOrientationLandscapeRight";
				INFOPLIST_KEY_UISupportedInterfaceOrientations_iPhone = "UIInterfaceOrientationPortrait UIInterfaceOrientationLandscapeLeft UIInterfaceOrientationLandscapeRight";
				LD_RUNPATH_SEARCH_PATHS = (
					"$(inherited)",
					"@executable_path/Frameworks",
				);
				MARKETING_VERSION = 1.0;
				PRODUCT_BUNDLE_IDENTIFIER = com.pagopatito.FriendlyContact;
				PRODUCT_NAME = "$(TARGET_NAME)";
				SWIFT_EMIT_LOC_STRINGS = YES;
				SWIFT_VERSION = 5.0;
				TARGETED_DEVICE_FAMILY = "1,2";
			};
			name = Debug;
		};
		7B066D942A63A0CD00399269 /* Release */ = {
			isa = XCBuildConfiguration;
			buildSettings = {
				ASSETCATALOG_COMPILER_APPICON_NAME = AppIcon;
				ASSETCATALOG_COMPILER_GLOBAL_ACCENT_COLOR_NAME = AccentColor;
				CODE_SIGN_STYLE = Automatic;
				CURRENT_PROJECT_VERSION = 1;
				DEVELOPMENT_ASSET_PATHS = "\"FriendlyContact/Preview Content\"";
				DEVELOPMENT_TEAM = B9S7PB8R45;
				ENABLE_PREVIEWS = YES;
				GENERATE_INFOPLIST_FILE = YES;
				INFOPLIST_KEY_NSLocationWhenInUseUsageDescription = "We need your access location.";
				INFOPLIST_KEY_UIApplicationSceneManifest_Generation = YES;
				INFOPLIST_KEY_UIApplicationSupportsIndirectInputEvents = YES;
				INFOPLIST_KEY_UILaunchScreen_Generation = YES;
				INFOPLIST_KEY_UISupportedInterfaceOrientations_iPad = "UIInterfaceOrientationPortrait UIInterfaceOrientationPortraitUpsideDown UIInterfaceOrientationLandscapeLeft UIInterfaceOrientationLandscapeRight";
				INFOPLIST_KEY_UISupportedInterfaceOrientations_iPhone = "UIInterfaceOrientationPortrait UIInterfaceOrientationLandscapeLeft UIInterfaceOrientationLandscapeRight";
				LD_RUNPATH_SEARCH_PATHS = (
					"$(inherited)",
					"@executable_path/Frameworks",
				);
				MARKETING_VERSION = 1.0;
				PRODUCT_BUNDLE_IDENTIFIER = com.pagopatito.FriendlyContact;
				PRODUCT_NAME = "$(TARGET_NAME)";
				SWIFT_EMIT_LOC_STRINGS = YES;
				SWIFT_VERSION = 5.0;
				TARGETED_DEVICE_FAMILY = "1,2";
			};
			name = Release;
		};
/* End XCBuildConfiguration section */

/* Begin XCConfigurationList section */
		7B066D7F2A63A0CB00399269 /* Build configuration list for PBXProject "FriendlyContact" */ = {
			isa = XCConfigurationList;
			buildConfigurations = (
				7B066D902A63A0CD00399269 /* Debug */,
				7B066D912A63A0CD00399269 /* Release */,
			);
			defaultConfigurationIsVisible = 0;
			defaultConfigurationName = Release;
		};
		7B066D922A63A0CD00399269 /* Build configuration list for PBXNativeTarget "FriendlyContact" */ = {
			isa = XCConfigurationList;
			buildConfigurations = (
				7B066D932A63A0CD00399269 /* Debug */,
				7B066D942A63A0CD00399269 /* Release */,
			);
			defaultConfigurationIsVisible = 0;
			defaultConfigurationName = Release;
		};
/* End XCConfigurationList section */

/* Begin XCVersionGroup section */
		7B4222F62A691FB20053969A /* FriendlyContacts.xcdatamodeld */ = {
			isa = XCVersionGroup;
			children = (
				7B4222F72A691FB20053969A /* FriendlyContacts.xcdatamodel */,
			);
			currentVersion = 7B4222F72A691FB20053969A /* FriendlyContacts.xcdatamodel */;
			path = FriendlyContacts.xcdatamodeld;
			sourceTree = "<group>";
			versionGroupType = wrapper.xcdatamodel;
		};
/* End XCVersionGroup section */
	};
	rootObject = 7B066D7C2A63A0CB00399269 /* Project object */;
}
